
Microsoft Visual Studio Solution File, Format Version 12.00
Project("{FAE04EC0-301F-11D3-BF4B-00C04F79EFBC}") = "dji-mavic", "dji-mavic\dji-mavic.csproj", "{9B3330F9-E65B-4A3D-9182-FA29F02064FD}"
EndProject
Global
	GlobalSection(SolutionConfigurationPlatforms) = preSolution
		Debug|Any CPU = Debug|Any CPU
		Release|Any CPU = Release|Any CPU
	EndGlobalSection
	GlobalSection(ProjectConfigurationPlatforms) = postSolution
		{9B3330F9-E65B-4A3D-9182-FA29F02064FD}.Debug|Any CPU.ActiveCfg = Debug|Any CPU
		{9B3330F9-E65B-4A3D-9182-FA29F02064FD}.Debug|Any CPU.Build.0 = Debug|Any CPU
		{9B3330F9-E65B-4A3D-9182-FA29F02064FD}.Release|Any CPU.ActiveCfg = Release|Any CPU
		{9B3330F9-E65B-4A3D-9182-FA29F02064FD}.Release|Any CPU.Build.0 = Release|Any CPU
	EndGlobalSection
EndGlobal
